
Microsoft Visual Studio Solution File, Format Version 12.00
# Visual Studio Version 17
VisualStudioVersion = 17.0.32014.148
MinimumVisualStudioVersion = 10.0.40219.1
Project("{FAE04EC0-301F-11D3-BF4B-00C04F79EFBC}") = "MyFirstApp.Android", "MyFirstApp\MyFirstApp.Android\MyFirstApp.Android.csproj", "{CBDA3127-26EE-41B9-930C-261BC865151E}"
EndProject
Project("{FAE04EC0-301F-11D3-BF4B-00C04F79EFBC}") = "MyFirstApp.iOS", "MyFirstApp\MyFirstApp.iOS\MyFirstApp.iOS.csproj", "{7380845B-9B2D-4FCD-BE54-7824915E3137}"
EndProject
Project("{FAE04EC0-301F-11D3-BF4B-00C04F79EFBC}") = "MyFirstApp", "MyFirstApp\MyFirstApp\MyFirstApp.csproj", "{70917039-E26C-4A35-92C6-A6DCCF207539}"
EndProject
Global
	GlobalSection(SolutionConfigurationPlatforms) = preSolution
		Debug|Any CPU = Debug|Any CPU
		Debug|iPhone = Debug|iPhone
		Debug|iPhoneSimulator = Debug|iPhoneSimulator
		Release|Any CPU = Release|Any CPU
		Release|iPhone = Release|iPhone
		Release|iPhoneSimulator = Release|iPhoneSimulator
	EndGlobalSection
	GlobalSection(ProjectConfigurationPlatforms) = postSolution
		{CBDA3127-26EE-41B9-930C-261BC865151E}.Debug|Any CPU.ActiveCfg = Debug|Any CPU
		{CBDA3127-26EE-41B9-930C-261BC865151E}.Debug|Any CPU.Build.0 = Debug|Any CPU
		{CBDA3127-26EE-41B9-930C-261BC865151E}.Debug|Any CPU.Deploy.0 = Debug|Any CPU
		{CBDA3127-26EE-41B9-930C-261BC865151E}.Debug|iPhone.ActiveCfg = Debug|Any CPU
		{CBDA3127-26EE-41B9-930C-261BC865151E}.Debug|iPhone.Build.0 = Debug|Any CPU
		{CBDA3127-26EE-41B9-930C-261BC865151E}.Debug|iPhone.Deploy.0 = Debug|Any CPU
		{CBDA3127-26EE-41B9-930C-261BC865151E}.Debug|iPhoneSimulator.ActiveCfg = Debug|Any CPU
		{CBDA3127-26EE-41B9-930C-261BC865151E}.Debug|iPhoneSimulator.Build.0 = Debug|Any CPU
		{CBDA3127-26EE-41B9-930C-261BC865151E}.Debug|iPhoneSimulator.Deploy.0 = Debug|Any CPU
		{CBDA3127-26EE-41B9-930C-261BC865151E}.Release|Any CPU.ActiveCfg = Release|Any CPU
		{CBDA3127-26EE-41B9-930C-261BC865151E}.Release|Any CPU.Build.0 = Release|Any CPU
		{CBDA3127-26EE-41B9-930C-261BC865151E}.Release|Any CPU.Deploy.0 = Release|Any CPU
		{CBDA3127-26EE-41B9-930C-261BC865151E}.Release|iPhone.ActiveCfg = Release|Any CPU
		{CBDA3127-26EE-41B9-930C-261BC865151E}.Release|iPhone.Build.0 = Release|Any CPU
		{CBDA3127-26EE-41B9-930C-261BC865151E}.Release|iPhone.Deploy.0 = Release|Any CPU
		{CBDA3127-26EE-41B9-930C-261BC865151E}.Release|iPhoneSimulator.ActiveCfg = Release|Any CPU
		{CBDA3127-26EE-41B9-930C-261BC865151E}.Release|iPhoneSimulator.Build.0 = Release|Any CPU
		{CBDA3127-26EE-41B9-930C-261BC865151E}.Release|iPhoneSimulator.Deploy.0 = Release|Any CPU
		{7380845B-9B2D-4FCD-BE54-7824915E3137}.Debug|Any CPU.ActiveCfg = Debug|iPhone
		{7380845B-9B2D-4FCD-BE54-7824915E3137}.Debug|Any CPU.Build.0 = Debug|iPhone
		{7380845B-9B2D-4FCD-BE54-7824915E3137}.Debug|Any CPU.Deploy.0 = Debug|iPhone
		{7380845B-9B2D-4FCD-BE54-7824915E3137}.Debug|iPhone.ActiveCfg = Debug|iPhone
		{7380845B-9B2D-4FCD-BE54-7824915E3137}.Debug|iPhone.Build.0 = Debug|iPhone
		{7380845B-9B2D-4FCD-BE54-7824915E3137}.Debug|iPhone.Deploy.0 = Debug|iPhone
		{7380845B-9B2D-4FCD-BE54-7824915E3137}.Debug|iPhoneSimulator.ActiveCfg = Debug|iPhoneSimulator
		{7380845B-9B2D-4FCD-BE54-7824915E3137}.Debug|iPhoneSimulator.Build.0 = Debug|iPhoneSimulator
		{7380845B-9B2D-4FCD-BE54-7824915E3137}.Debug|iPhoneSimulator.Deploy.0 = Debug|iPhoneSimulator
		{7380845B-9B2D-4FCD-BE54-7824915E3137}.Release|Any CPU.ActiveCfg = Release|iPhoneSimulator
		{7380845B-9B2D-4FCD-BE54-7824915E3137}.Release|Any CPU.Build.0 = Release|iPhoneSimulator
		{7380845B-9B2D-4FCD-BE54-7824915E3137}.Release|Any CPU.Deploy.0 = Release|iPhoneSimulator
		{7380845B-9B2D-4FCD-BE54-7824915E3137}.Release|iPhone.ActiveCfg = Release|iPhone
		{7380845B-9B2D-4FCD-BE54-7824915E3137}.Release|iPhone.Build.0 = Release|iPhone
		{7380845B-9B2D-4FCD-BE54-7824915E3137}.Release|iPhone.Deploy.0 = Release|iPhone
		{7380845B-9B2D-4FCD-BE54-7824915E3137}.Release|iPhoneSimulator.ActiveCfg = Release|iPhoneSimulator
		{7380845B-9B2D-4FCD-BE54-7824915E3137}.Release|iPhoneSimulator.Build.0 = Release|iPhoneSimulator
		{7380845B-9B2D-4FCD-BE54-7824915E3137}.Release|iPhoneSimulator.Deploy.0 = Release|iPhoneSimulator
		{70917039-E26C-4A35-92C6-A6DCCF207539}.Debug|Any CPU.ActiveCfg = Debug|Any CPU
		{70917039-E26C-4A35-92C6-A6DCCF207539}.Debug|Any CPU.Build.0 = Debug|Any CPU
		{70917039-E26C-4A35-92C6-A6DCCF207539}.Debug|Any CPU.Deploy.0 = Debug|Any CPU
		{70917039-E26C-4A35-92C6-A6DCCF207539}.Debug|iPhone.ActiveCfg = Debug|Any CPU
		{70917039-E26C-4A35-92C6-A6DCCF207539}.Debug|iPhone.Build.0 = Debug|Any CPU
		{70917039-E26C-4A35-92C6-A6DCCF207539}.Debug|iPhone.Deploy.0 = Debug|Any CPU
		{70917039-E26C-4A35-92C6-A6DCCF207539}.Debug|iPhoneSimulator.ActiveCfg = Debug|Any CPU
		{70917039-E26C-4A35-92C6-A6DCCF207539}.Debug|iPhoneSimulator.Build.0 = Debug|Any CPU
		{70917039-E26C-4A35-92C6-A6DCCF207539}.Debug|iPhoneSimulator.Deploy.0 = Debug|Any CPU
		{70917039-E26C-4A35-92C6-A6DCCF207539}.Release|Any CPU.ActiveCfg = Release|Any CPU
		{70917039-E26C-4A35-92C6-A6DCCF207539}.Release|Any CPU.Build.0 = Release|Any CPU
		{70917039-E26C-4A35-92C6-A6DCCF207539}.Release|Any CPU.Deploy.0 = Release|Any CPU
		{70917039-E26C-4A35-92C6-A6DCCF207539}.Release|iPhone.ActiveCfg = Release|Any CPU
		{70917039-E26C-4A35-92C6-A6DCCF207539}.Release|iPhone.Build.0 = Release|Any CPU
		{70917039-E26C-4A35-92C6-A6DCCF207539}.Release|iPhone.Deploy.0 = Release|Any CPU
		{70917039-E26C-4A35-92C6-A6DCCF207539}.Release|iPhoneSimulator.ActiveCfg = Release|Any CPU
		{70917039-E26C-4A35-92C6-A6DCCF207539}.Release|iPhoneSimulator.Build.0 = Release|Any CPU
		{70917039-E26C-4A35-92C6-A6DCCF207539}.Release|iPhoneSimulator.Deploy.0 = Release|Any CPU
	EndGlobalSection
	GlobalSection(SolutionProperties) = preSolution
		HideSolutionNode = FALSE
	EndGlobalSection
	GlobalSection(ExtensibilityGlobals) = postSolution
		SolutionGuid = {386383A1-8F93-4014-AAF8-672010EB6539}
	EndGlobalSection
EndGlobal
